github.com/aobeom/minireq/v2 v2.0.4 h1:/7gpPKr95WEbytea5Fgx1anZN36fjzP9ta3Ie3d9zc8=
github.com/aobeom/minireq/v2 v2.0.4/go.mod h1:9PeA4J8C4oGw/qUPOrvOCRubbBd01JouUsb5DU7CeDM=
github.com/aobeom/minitools v1.1.1 h1:OwNocvmWt6AifX+l0y2Vc7kNvTyqjtonG9mShp4abgk=
github.com/aobeom/minitools v1.1.1/go.mod h1:IA4WAQnFIjpdqSJSAjU28JvPzTMbkXy2db4RRy3sVE0=
golang.org/x/net v0.0.0-20211208012354-db4efeb81f4b h1:MWaHNqZy3KTpuTMAGvv+Kw+ylsEpmyJZizz1dqxnu28=
golang.org/x/net v0.0.0-20211208012354-db4efeb81f4b/go.mod h1:9nx3DQGgdP8bBQD5qxJ1jj9UTztislL4KSBs9R2vV5Y=
